// !$*UTF8*$!
{
	archiveVersion = 1;
	classes = {
	};
	objectVersion = 51;
	objects = {

/* Begin PBXBuildFile section */
		364E904FBA6EDDB25B439F0A /* Pods_SwiflyCacheDemo.framework in Frameworks */ = {isa = PBXBuildFile; fileRef = 28AF856C9DD19F1849FE6A10 /* Pods_SwiflyCacheDemo.framework */; };
		6E1842372427736800814B97 /* MainViewController.swift in Sources */ = {isa = PBXBuildFile; fileRef = 6E1842362427736800814B97 /* MainViewController.swift */; };
		6E20283724250E1E0042081D /* AppDelegate.swift in Sources */ = {isa = PBXBuildFile; fileRef = 6E20283624250E1E0042081D /* AppDelegate.swift */; };
		6E20283924250E1E0042081D /* SceneDelegate.swift in Sources */ = {isa = PBXBuildFile; fileRef = 6E20283824250E1E0042081D /* SceneDelegate.swift */; };
		6E20283B24250E1E0042081D /* ViewController.swift in Sources */ = {isa = PBXBuildFile; fileRef = 6E20283A24250E1E0042081D /* ViewController.swift */; };
		6E20283E24250E1E0042081D /* Main.storyboard in Resources */ = {isa = PBXBuildFile; fileRef = 6E20283C24250E1E0042081D /* Main.storyboard */; };
		6E20284024250E210042081D /* Assets.xcassets in Resources */ = {isa = PBXBuildFile; fileRef = 6E20283F24250E210042081D /* Assets.xcassets */; };
		6E20284324250E210042081D /* LaunchScreen.storyboard in Resources */ = {isa = PBXBuildFile; fileRef = 6E20284124250E210042081D /* LaunchScreen.storyboard */; };
		6E20284D242528F30042081D /* libsqlite3.0.tbd in Frameworks */ = {isa = PBXBuildFile; fileRef = 6E20284C242528F30042081D /* libsqlite3.0.tbd */; };
/* End PBXBuildFile section */

/* Begin PBXFileReference section */
		28AF856C9DD19F1849FE6A10 /* Pods_SwiflyCacheDemo.framework */ = {isa = PBXFileReference; explicitFileType = wrapper.framework; includeInIndex = 0; path = Pods_SwiflyCacheDemo.framework; sourceTree = BUILT_PRODUCTS_DIR; };
		28C976ABC0CA259095845F5B /* Pods-SwiflyCacheDemo.release.xcconfig */ = {isa = PBXFileReference; includeInIndex = 1; lastKnownFileType = text.xcconfig; name = "Pods-SwiflyCacheDemo.release.xcconfig"; path = "Target Support Files/Pods-SwiflyCacheDemo/Pods-SwiflyCacheDemo.release.xcconfig"; sourceTree = "<group>"; };
		33660B501B2FD453F82C855A /* Pods-SwiflyCacheDemo.debug.xcconfig */ = {isa = PBXFileReference; includeInIndex = 1; lastKnownFileType = text.xcconfig; name = "Pods-SwiflyCacheDemo.debug.xcconfig"; path = "Target Support Files/Pods-SwiflyCacheDemo/Pods-SwiflyCacheDemo.debug.xcconfig"; sourceTree = "<group>"; };
		6E1842362427736800814B97 /* MainViewController.swift */ = {isa = PBXFileReference; lastKnownFileType = sourcecode.swift; path = MainViewController.swift; sourceTree = "<group>"; };
		6E20283324250E1E0042081D /* SwiflyCacheDemo.app */ = {isa = PBXFileReference; explicitFileType = wrapper.application; includeInIndex = 0; path = SwiflyCacheDemo.app; sourceTree = BUILT_PRODUCTS_DIR; };
		6E20283624250E1E0042081D /* AppDelegate.swift */ = {isa = PBXFileReference; lastKnownFileType = sourcecode.swift; path = AppDelegate.swift; sourceTree = "<group>"; };
		6E20283824250E1E0042081D /* SceneDelegate.swift */ = {isa = PBXFileReference; lastKnownFileType = sourcecode.swift; path = SceneDelegate.swift; sourceTree = "<group>"; };
		6E20283A24250E1E0042081D /* ViewController.swift */ = {isa = PBXFileReference; lastKnownFileType = sourcecode.swift; path = ViewController.swift; sourceTree = "<group>"; };
		6E20283D24250E1E0042081D /* Base */ = {isa = PBXFileReference; lastKnownFileType = file.storyboard; name = Base; path = Base.lproj/Main.storyboard; sourceTree = "<group>"; };
		6E20283F24250E210042081D /* Assets.xcassets */ = {isa = PBXFileReference; lastKnownFileType = folder.assetcatalog; path = Assets.xcassets; sourceTree = "<group>"; };
		6E20284224250E210042081D /* Base */ = {isa = PBXFileReference; lastKnownFileType = file.storyboard; name = Base; path = Base.lproj/LaunchScreen.storyboard; sourceTree = "<group>"; };
		6E20284424250E210042081D /* Info.plist */ = {isa = PBXFileReference; lastKnownFileType = text.plist.xml; path = Info.plist; sourceTree = "<group>"; };
		6E20284C242528F30042081D /* libsqlite3.0.tbd */ = {isa = PBXFileReference; lastKnownFileType = "sourcecode.text-based-dylib-definition"; name = libsqlite3.0.tbd; path = usr/lib/libsqlite3.0.tbd; sourceTree = SDKROOT; };
/* End PBXFileReference section */

/* Begin PBXFrameworksBuildPhase section */
		6E20283024250E1E0042081D /* Frameworks */ = {
			isa = PBXFrameworksBuildPhase;
			buildActionMask = 2147483647;
			files = (
				6E20284D242528F30042081D /* libsqlite3.0.tbd in Frameworks */,
				364E904FBA6EDDB25B439F0A /* Pods_SwiflyCacheDemo.framework in Frameworks */,
			);
			runOnlyForDeploymentPostprocessing = 0;
		};
/* End PBXFrameworksBuildPhase section */

/* Begin PBXGroup section */
		129A224E7A8222B8199113EC /* Pods */ = {
			isa = PBXGroup;
			children = (
				33660B501B2FD453F82C855A /* Pods-SwiflyCacheDemo.debug.xcconfig */,
				28C976ABC0CA259095845F5B /* Pods-SwiflyCacheDemo.release.xcconfig */,
			);
			path = Pods;
			sourceTree = "<group>";
		};
		57E6682B991935CB7852F0AA /* Frameworks */ = {
			isa = PBXGroup;
			children = (
				6E20284C242528F30042081D /* libsqlite3.0.tbd */,
				28AF856C9DD19F1849FE6A10 /* Pods_SwiflyCacheDemo.framework */,
			);
			name = Frameworks;
			sourceTree = "<group>";
		};
		6E20282A24250E1E0042081D = {
			isa = PBXGroup;
			children = (
				6E20283524250E1E0042081D /* SwiflyCacheDemo */,
				6E20283424250E1E0042081D /* Products */,
				129A224E7A8222B8199113EC /* Pods */,
				57E6682B991935CB7852F0AA /* Frameworks */,
			);
			sourceTree = "<group>";
		};
		6E20283424250E1E0042081D /* Products */ = {
			isa = PBXGroup;
			children = (
				6E20283324250E1E0042081D /* SwiflyCacheDemo.app */,
			);
			name = Products;
			sourceTree = "<group>";
		};
		6E20283524250E1E0042081D /* SwiflyCacheDemo */ = {
			isa = PBXGroup;
			children = (
				6E20283624250E1E0042081D /* AppDelegate.swift */,
				6E20283824250E1E0042081D /* SceneDelegate.swift */,
				6E20283A24250E1E0042081D /* ViewController.swift */,
				6E20283C24250E1E0042081D /* Main.storyboard */,
				6E20283F24250E210042081D /* Assets.xcassets */,
				6E20284124250E210042081D /* LaunchScreen.storyboard */,
				6E20284424250E210042081D /* Info.plist */,
				6E1842362427736800814B97 /* MainViewController.swift */,
			);
			path = SwiflyCacheDemo;
			sourceTree = "<group>";
		};
/* End PBXGroup section */

/* Begin PBXNativeTarget section */
		6E20283224250E1E0042081D /* SwiflyCacheDemo */ = {
			isa = PBXNativeTarget;
			buildConfigurationList = 6E20284724250E210042081D /* Build configuration list for PBXNativeTarget "SwiflyCacheDemo" */;
			buildPhases = (
				178E6685C3BB5A83534E98FD /* [CP] Check Pods Manifest.lock */,
				6E20282F24250E1E0042081D /* Sources */,
				6E20283024250E1E0042081D /* Frameworks */,
				6E20283124250E1E0042081D /* Resources */,
				93C767517B37BDB1294F0B05 /* [CP] Embed Pods Frameworks */,
			);
			buildRules = (
			);
			dependencies = (
			);
			name = SwiflyCacheDemo;
			productName = SwiflyCacheDemo;
			productReference = 6E20283324250E1E0042081D /* SwiflyCacheDemo.app */;
			productType = "com.apple.product-type.application";
		};
/* End PBXNativeTarget section */

/* Begin PBXProject section */
		6E20282B24250E1E0042081D /* Project object */ = {
			isa = PBXProject;
			attributes = {
				LastSwiftUpdateCheck = 1130;
				LastUpgradeCheck = 1130;
				ORGANIZATIONNAME = "黄琳川";
				TargetAttributes = {
					6E20283224250E1E0042081D = {
						CreatedOnToolsVersion = 11.3;
						LastSwiftMigration = 1130;
					};
				};
			};
			buildConfigurationList = 6E20282E24250E1E0042081D /* Build configuration list for PBXProject "SwiflyCacheDemo" */;
			compatibilityVersion = "Xcode 9.3";
			developmentRegion = en;
			hasScannedForEncodings = 0;
			knownRegions = (
				en,
				Base,
			);
			mainGroup = 6E20282A24250E1E0042081D;
			productRefGroup = 6E20283424250E1E0042081D /* Products */;
			projectDirPath = "";
			projectRoot = "";
			targets = (
				6E20283224250E1E0042081D /* SwiflyCacheDemo */,
			);
		};
/* End PBXProject section */

/* Begin PBXResourcesBuildPhase section */
		6E20283124250E1E0042081D /* Resources */ = {
			isa = PBXResourcesBuildPhase;
			buildActionMask = 2147483647;
			files = (
				6E20284324250E210042081D /* LaunchScreen.storyboard in Resources */,
				6E20284024250E210042081D /* Assets.xcassets in Resources */,
				6E20283E24250E1E0042081D /* Main.storyboard in Resources */,
			);
			runOnlyForDeploymentPostprocessing = 0;
		};
/* End PBXResourcesBuildPhase section */

/* Begin PBXShellScriptBuildPhase section */
		178E6685C3BB5A83534E98FD /* [CP] Check Pods Manifest.lock */ = {
			isa = PBXShellScriptBuildPhase;
			buildActionMask = 2147483647;
			files = (
			);
			inputFileListPaths = (
			);
			inputPaths = (
				"${PODS_PODFILE_DIR_PATH}/Podfile.lock",
				"${PODS_ROOT}/Manifest.lock",
			);
			name = "[CP] Check Pods Manifest.lock";
			outputFileListPaths = (
			);
			outputPaths = (
				"$(DERIVED_FILE_DIR)/Pods-SwiflyCacheDemo-checkManifestLockResult.txt",
			);
			runOnlyForDeploymentPostprocessing = 0;
			shellPath = /bin/sh;
			shellScript = "diff \"${PODS_PODFILE_DIR_PATH}/Podfile.lock\" \"${PODS_ROOT}/Manifest.lock\" > /dev/null\nif [ $? != 0 ] ; then\n    # print error to STDERR\n    echo \"error: The sandbox is not in sync with the Podfile.lock. Run 'pod install' or update your CocoaPods installation.\" >&2\n    exit 1\nfi\n# This output is used by Xcode 'outputs' to avoid re-running this script phase.\necho \"SUCCESS\" > \"${SCRIPT_OUTPUT_FILE_0}\"\n";
			showEnvVarsInLog = 0;
		};
		93C767517B37BDB1294F0B05 /* [CP] Embed Pods Frameworks */ = {
			isa = PBXShellScriptBuildPhase;
			buildActionMask = 2147483647;
			files = (
			);
			inputFileListPaths = (
				"${PODS_ROOT}/Target Support Files/Pods-SwiflyCacheDemo/Pods-SwiflyCacheDemo-frameworks-${CONFIGURATION}-input-files.xcfilelist",
			);
			name = "[CP] Embed Pods Frameworks";
			outputFileListPaths = (
				"${PODS_ROOT}/Target Support Files/Pods-SwiflyCacheDemo/Pods-SwiflyCacheDemo-frameworks-${CONFIGURATION}-output-files.xcfilelist",
			);
			runOnlyForDeploymentPostprocessing = 0;
			shellPath = /bin/sh;
			shellScript = "\"${PODS_ROOT}/Target Support Files/Pods-SwiflyCacheDemo/Pods-SwiflyCacheDemo-frameworks.sh\"\n";
			showEnvVarsInLog = 0;
		};
/* End PBXShellScriptBuildPhase section */

/* Begin PBXSourcesBuildPhase section */
		6E20282F24250E1E0042081D /* Sources */ = {
			isa = PBXSourcesBuildPhase;
			buildActionMask = 2147483647;
			files = (
				6E20283B24250E1E0042081D /* ViewController.swift in Sources */,
				6E20283724250E1E0042081D /* AppDelegate.swift in Sources */,
				6E20283924250E1E0042081D /* SceneDelegate.swift in Sources */,
				6E1842372427736800814B97 /* MainViewController.swift in Sources */,
			);
			runOnlyForDeploymentPostprocessing = 0;
		};
/* End PBXSourcesBuildPhase section */

/* Begin PBXVariantGroup section */
		6E20283C24250E1E0042081D /* Main.storyboard */ = {
			isa = PBXVariantGroup;
			children = (
				6E20283D24250E1E0042081D /* Base */,
			);
			name = Main.storyboard;
			sourceTree = "<group>";
		};
		6E20284124250E210042081D /* LaunchScreen.storyboard */ = {
			isa = PBXVariantGroup;
			children = (
				6E20284224250E210042081D /* Base */,
			);
			name = LaunchScreen.storyboard;
			sourceTree = "<group>";
		};
/* End PBXVariantGroup section */

/* Begin XCBuildConfiguration section */
		6E20284524250E210042081D /* Debug */ = {
			isa = XCBuildConfiguration;
			buildSettings = {
				ALWAYS_SEARCH_USER_PATHS = NO;
				CLANG_ANALYZER_NONNULL = YES;
				CLANG_ANALYZER_NUMBER_OBJECT_CONVERSION = YES_AGGRESSIVE;
				CLANG_CXX_LANGUAGE_STANDARD = "gnu++14";
				CLANG_CXX_LIBRARY = "libc++";
				CLANG_ENABLE_MODULES = YES;
				CLANG_ENABLE_OBJC_ARC = YES;
				CLANG_ENABLE_OBJC_WEAK = YES;
				CLANG_WARN_BLOCK_CAPTURE_AUTORELEASING = YES;
				CLANG_WARN_BOOL_CONVERSION = YES;
				CLANG_WARN_COMMA = YES;
				CLANG_WARN_CONSTANT_CONVERSION = YES;
				CLANG_WARN_DEPRECATED_OBJC_IMPLEMENTATIONS = YES;
				CLANG_WARN_DIRECT_OBJC_ISA_USAGE = YES_ERROR;
				CLANG_WARN_DOCUMENTATION_COMMENTS = YES;
				CLANG_WARN_EMPTY_BODY = YES;
				CLANG_WARN_ENUM_CONVERSION = YES;
				CLANG_WARN_INFINITE_RECURSION = YES;
				CLANG_WARN_INT_CONVERSION = YES;
				CLANG_WARN_NON_LITERAL_NULL_CONVERSION = YES;
				CLANG_WARN_OBJC_IMPLICIT_RETAIN_SELF = YES;
				CLANG_WARN_OBJC_LITERAL_CONVERSION = YES;
				CLANG_WARN_OBJC_ROOT_CLASS = YES_ERROR;
				CLANG_WARN_RANGE_LOOP_ANALYSIS = YES;
				CLANG_WARN_STRICT_PROTOTYPES = YES;
				CLANG_WARN_SUSPICIOUS_MOVE = YES;
				CLANG_WARN_UNGUARDED_AVAILABILITY = YES_AGGRESSIVE;
				CLANG_WARN_UNREACHABLE_CODE = YES;
				CLANG_WARN__DUPLICATE_METHOD_MATCH = YES;
				COPY_PHASE_STRIP = NO;
				DEBUG_INFORMATION_FORMAT = dwarf;
				ENABLE_STRICT_OBJC_MSGSEND = YES;
				ENABLE_TESTABILITY = YES;
				GCC_C_LANGUAGE_STANDARD = gnu11;
				GCC_DYNAMIC_NO_PIC = NO;
				GCC_NO_COMMON_BLOCKS = YES;
				GCC_OPTIMIZATION_LEVEL = 0;
				GCC_PREPROCESSOR_DEFINITIONS = (
					"DEBUG=1",
					"$(inherited)",
				);
				GCC_WARN_64_TO_32_BIT_CONVERSION = YES;
				GCC_WARN_ABOUT_RETURN_TYPE = YES_ERROR;
				GCC_WARN_UNDECLARED_SELECTOR = YES;
				GCC_WARN_UNINITIALIZED_AUTOS = YES_AGGRESSIVE;
				GCC_WARN_UNUSED_FUNCTION = YES;
				GCC_WARN_UNUSED_VARIABLE = YES;
				IPHONEOS_DEPLOYMENT_TARGET = 13.2;
				MTL_ENABLE_DEBUG_INFO = INCLUDE_SOURCE;
				MTL_FAST_MATH = YES;
				ONLY_ACTIVE_ARCH = YES;
				SDKROOT = iphoneos;
				SWIFT_ACTIVE_COMPILATION_CONDITIONS = DEBUG;
				SWIFT_OPTIMIZATION_LEVEL = "-Onone";
			};
			name = Debug;
		};
		6E20284624250E210042081D /* Release */ = {
			isa = XCBuildConfiguration;
			buildSettings = {
				ALWAYS_SEARCH_USER_PATHS = NO;
				CLANG_ANALYZER_NONNULL = YES;
				CLANG_ANALYZER_NUMBER_OBJECT_CONVERSION = YES_AGGRESSIVE;
				CLANG_CXX_LANGUAGE_STANDARD = "gnu++14";
				CLANG_CXX_LIBRARY = "libc++";
				CLANG_ENABLE_MODULES = YES;
				CLANG_ENABLE_OBJC_ARC = YES;
				CLANG_ENABLE_OBJC_WEAK = YES;
				CLANG_WARN_BLOCK_CAPTURE_AUTORELEASING = YES;
				CLANG_WARN_BOOL_CONVERSION = YES;
				CLANG_WARN_COMMA = YES;
				CLANG_WARN_CONSTANT_CONVERSION = YES;
				CLANG_WARN_DEPRECATED_OBJC_IMPLEMENTATIONS = YES;
				CLANG_WARN_DIRECT_OBJC_ISA_USAGE = YES_ERROR;
				CLANG_WARN_DOCUMENTATION_COMMENTS = YES;
				CLANG_WARN_EMPTY_BODY = YES;
				CLANG_WARN_ENUM_CONVERSION = YES;
				CLANG_WARN_INFINITE_RECURSION = YES;
				CLANG_WARN_INT_CONVERSION = YES;
				CLANG_WARN_NON_LITERAL_NULL_CONVERSION = YES;
				CLANG_WARN_OBJC_IMPLICIT_RETAIN_SELF = YES;
				CLANG_WARN_OBJC_LITERAL_CONVERSION = YES;
				CLANG_WARN_OBJC_ROOT_CLASS = YES_ERROR;
				CLANG_WARN_RANGE_LOOP_ANALYSIS = YES;
				CLANG_WARN_STRICT_PROTOTYPES = YES;
				CLANG_WARN_SUSPICIOUS_MOVE = YES;
				CLANG_WARN_UNGUARDED_AVAILABILITY = YES_AGGRESSIVE;
				CLANG_WARN_UNREACHABLE_CODE = YES;
				CLANG_WARN__DUPLICATE_METHOD_MATCH = YES;
				COPY_PHASE_STRIP = NO;
				DEBUG_INFORMATION_FORMAT = "dwarf-with-dsym";
				ENABLE_NS_ASSERTIONS = NO;
				ENABLE_STRICT_OBJC_MSGSEND = YES;
				GCC_C_LANGUAGE_STANDARD = gnu11;
				GCC_NO_COMMON_BLOCKS = YES;
				GCC_WARN_64_TO_32_BIT_CONVERSION = YES;
				GCC_WARN_ABOUT_RETURN_TYPE = YES_ERROR;
				GCC_WARN_UNDECLARED_SELECTOR = YES;
				GCC_WARN_UNINITIALIZED_AUTOS = YES_AGGRESSIVE;
				GCC_WARN_UNUSED_FUNCTION = YES;
				GCC_WARN_UNUSED_VARIABLE = YES;
				IPHONEOS_DEPLOYMENT_TARGET = 13.2;
				MTL_ENABLE_DEBUG_INFO = NO;
				MTL_FAST_MATH = YES;
				SDKROOT = iphoneos;
				SWIFT_COMPILATION_MODE = wholemodule;
				SWIFT_OPTIMIZATION_LEVEL = "-O";
				VALIDATE_PRODUCT = YES;
			};
			name = Release;
		};
		6E20284824250E210042081D /* Debug */ = {
			isa = XCBuildConfiguration;
			baseConfigurationReference = 33660B501B2FD453F82C855A /* Pods-SwiflyCacheDemo.debug.xcconfig */;
			buildSettings = {
				ASSETCATALOG_COMPILER_APPICON_NAME = AppIcon;
				CLANG_ENABLE_MODULES = YES;
				CODE_SIGN_STYLE = Automatic;
				DEVELOPMENT_TEAM = XTX3NH4SYG;
				INFOPLIST_FILE = SwiflyCacheDemo/Info.plist;
				IPHONEOS_DEPLOYMENT_TARGET = 13.2;
				LD_RUNPATH_SEARCH_PATHS = (
					"$(inherited)",
					"@executable_path/Frameworks",
				);
				PRODUCT_BUNDLE_IDENTIFIER = com.linchuan;
				PRODUCT_NAME = "$(TARGET_NAME)";
				SWIFT_OBJC_BRIDGING_HEADER = "";
				SWIFT_OPTIMIZATION_LEVEL = "-Onone";
				SWIFT_VERSION = 5.0;
				TARGETED_DEVICE_FAMILY = "1,2";
			};
			name = Debug;
		};
		6E20284924250E210042081D /* Release */ = {
			isa = XCBuildConfiguration;
			baseConfigurationReference = 28C976ABC0CA259095845F5B /* Pods-SwiflyCacheDemo.release.xcconfig */;
			buildSettings = {
				ASSETCATALOG_COMPILER_APPICON_NAME = AppIcon;
				CLANG_ENABLE_MODULES = YES;
				CODE_SIGN_STYLE = Automatic;
				DEVELOPMENT_TEAM = XTX3NH4SYG;
				INFOPLIST_FILE = SwiflyCacheDemo/Info.plist;
				IPHONEOS_DEPLOYMENT_TARGET = 13.2;
				LD_RUNPATH_SEARCH_PATHS = (
					"$(inherited)",
					"@executable_path/Frameworks",
				);
				PRODUCT_BUNDLE_IDENTIFIER = com.linchuan;
				PRODUCT_NAME = "$(TARGET_NAME)";
				SWIFT_OBJC_BRIDGING_HEADER = "";
				SWIFT_VERSION = 5.0;
				TARGETED_DEVICE_FAMILY = "1,2";
			};
			name = Release;
		};
/* End XCBuildConfiguration section */

/* Begin XCConfigurationList section */
		6E20282E24250E1E0042081D /* Build configuration list for PBXProject "SwiflyCacheDemo" */ = {
			isa = XCConfigurationList;
			buildConfigurations = (
				6E20284524250E210042081D /* Debug */,
				6E20284624250E210042081D /* Release */,
			);
			defaultConfigurationIsVisible = 0;
			defaultConfigurationName = Release;
		};
		6E20284724250E210042081D /* Build configuration list for PBXNativeTarget "SwiflyCacheDemo" */ = {
			isa = XCConfigurationList;
			buildConfigurations = (
				6E20284824250E210042081D /* Debug */,
				6E20284924250E210042081D /* Release */,
			);
			defaultConfigurationIsVisible = 0;
			defaultConfigurationName = Release;
		};
/* End XCConfigurationList section */
	};
	rootObject = 6E20282B24250E1E0042081D /* Project object */;
}
